// !$*UTF8*$!
{
	archiveVersion = 1;
	classes = {
	};
	objectVersion = 46;
	objects = {

/* Begin PBXBuildFile section */
		590F6E2F1E6A9EEC00365A2A /* AppDelegate.swift in Sources */ = {isa = PBXBuildFile; fileRef = 590F6E2E1E6A9EEC00365A2A /* AppDelegate.swift */; };
		590F6E311E6A9EEC00365A2A /* ViewController.swift in Sources */ = {isa = PBXBuildFile; fileRef = 590F6E301E6A9EEC00365A2A /* ViewController.swift */; };
		590F6E341E6A9EEC00365A2A /* Main.storyboard in Resources */ = {isa = PBXBuildFile; fileRef = 590F6E321E6A9EEC00365A2A /* Main.storyboard */; };
		590F6E361E6A9EEC00365A2A /* Assets.xcassets in Resources */ = {isa = PBXBuildFile; fileRef = 590F6E351E6A9EEC00365A2A /* Assets.xcassets */; };
		590F6E391E6A9EEC00365A2A /* LaunchScreen.storyboard in Resources */ = {isa = PBXBuildFile; fileRef = 590F6E371E6A9EEC00365A2A /* LaunchScreen.storyboard */; };
		590F6E441E6A9EEC00365A2A /* CountTests.swift in Sources */ = {isa = PBXBuildFile; fileRef = 590F6E431E6A9EEC00365A2A /* CountTests.swift */; };
		590F6E4F1E6A9EEC00365A2A /* CountUITests.swift in Sources */ = {isa = PBXBuildFile; fileRef = 590F6E4E1E6A9EEC00365A2A /* CountUITests.swift */; };
		590F6E5F1E6AA0BC00365A2A /* pos05_Kiki.png in Resources */ = {isa = PBXBuildFile; fileRef = 590F6E5E1E6AA0BC00365A2A /* pos05_Kiki.png */; };
		592595861E880132001C558D /* icon.png in Resources */ = {isa = PBXBuildFile; fileRef = 592595851E880132001C558D /* icon.png */; };
/* End PBXBuildFile section */

/* Begin PBXContainerItemProxy section */
		590F6E401E6A9EEC00365A2A /* PBXContainerItemProxy */ = {
			isa = PBXContainerItemProxy;
			containerPortal = 590F6E231E6A9EEC00365A2A /* Project object */;
			proxyType = 1;
			remoteGlobalIDString = 590F6E2A1E6A9EEC00365A2A;
			remoteInfo = Count;
		};
		590F6E4B1E6A9EEC00365A2A /* PBXContainerItemProxy */ = {
			isa = PBXContainerItemProxy;
			containerPortal = 590F6E231E6A9EEC00365A2A /* Project object */;
			proxyType = 1;
			remoteGlobalIDString = 590F6E2A1E6A9EEC00365A2A;
			remoteInfo = Count;
		};
/* End PBXContainerItemProxy section */

/* Begin PBXFileReference section */
		590F6E2B1E6A9EEC00365A2A /* Count.app */ = {isa = PBXFileReference; explicitFileType = wrapper.application; includeInIndex = 0; path = Count.app; sourceTree = BUILT_PRODUCTS_DIR; };
		590F6E2E1E6A9EEC00365A2A /* AppDelegate.swift */ = {isa = PBXFileReference; lastKnownFileType = sourcecode.swift; path = AppDelegate.swift; sourceTree = "<group>"; };
		590F6E301E6A9EEC00365A2A /* ViewController.swift */ = {isa = PBXFileReference; lastKnownFileType = sourcecode.swift; path = ViewController.swift; sourceTree = "<group>"; };
		590F6E331E6A9EEC00365A2A /* Base */ = {isa = PBXFileReference; lastKnownFileType = file.storyboard; name = Base; path = Base.lproj/Main.storyboard; sourceTree = "<group>"; };
		590F6E351E6A9EEC00365A2A /* Assets.xcassets */ = {isa = PBXFileReference; lastKnownFileType = folder.assetcatalog; path = Assets.xcassets; sourceTree = "<group>"; };
		590F6E381E6A9EEC00365A2A /* Base */ = {isa = PBXFileReference; lastKnownFileType = file.storyboard; name = Base; path = Base.lproj/LaunchScreen.storyboard; sourceTree = "<group>"; };
		590F6E3A1E6A9EEC00365A2A /* Info.plist */ = {isa = PBXFileReference; lastKnownFileType = text.plist.xml; path = Info.plist; sourceTree = "<group>"; };
		590F6E3F1E6A9EEC00365A2A /* CountTests.xctest */ = {isa = PBXFileReference; explicitFileType = wrapper.cfbundle; includeInIndex = 0; path = CountTests.xctest; sourceTree = BUILT_PRODUCTS_DIR; };
		590F6E431E6A9EEC00365A2A /* CountTests.swift */ = {isa = PBXFileReference; lastKnownFileType = sourcecode.swift; path = CountTests.swift; sourceTree = "<group>"; };
		590F6E451E6A9EEC00365A2A /* Info.plist */ = {isa = PBXFileReference; lastKnownFileType = text.plist.xml; path = Info.plist; sourceTree = "<group>"; };
		590F6E4A1E6A9EEC00365A2A /* CountUITests.xctest */ = {isa = PBXFileReference; explicitFileType = wrapper.cfbundle; includeInIndex = 0; path = CountUITests.xctest; sourceTree = BUILT_PRODUCTS_DIR; };
		590F6E4E1E6A9EEC00365A2A /* CountUITests.swift */ = {isa = PBXFileReference; lastKnownFileType = sourcecode.swift; path = CountUITests.swift; sourceTree = "<group>"; };
		590F6E501E6A9EEC00365A2A /* Info.plist */ = {isa = PBXFileReference; lastKnownFileType = text.plist.xml; path = Info.plist; sourceTree = "<group>"; };
		590F6E5E1E6AA0BC00365A2A /* pos05_Kiki.png */ = {isa = PBXFileReference; lastKnownFileType = image.png; path = pos05_Kiki.png; sourceTree = "<group>"; };
		592595851E880132001C558D /* icon.png */ = {isa = PBXFileReference; lastKnownFileType = image.png; name = icon.png; path = images/icon.png; sourceTree = "<group>"; };
/* End PBXFileReference section */

/* Begin PBXFrameworksBuildPhase section */
		590F6E281E6A9EEC00365A2A /* Frameworks */ = {
			isa = PBXFrameworksBuildPhase;
			buildActionMask = 2147483647;
			files = (
			);
			runOnlyForDeploymentPostprocessing = 0;
		};
		590F6E3C1E6A9EEC00365A2A /* Frameworks */ = {
			isa = PBXFrameworksBuildPhase;
			buildActionMask = 2147483647;
			files = (
			);
			runOnlyForDeploymentPostprocessing = 0;
		};
		590F6E471E6A9EEC00365A2A /* Frameworks */ = {
			isa = PBXFrameworksBuildPhase;
			buildActionMask = 2147483647;
			files = (
			);
			runOnlyForDeploymentPostprocessing = 0;
		};
/* End PBXFrameworksBuildPhase section */

/* Begin PBXGroup section */
		590F6E221E6A9EEC00365A2A = {
			isa = PBXGroup;
			children = (
				590F6E2D1E6A9EEC00365A2A /* Count */,
				590F6E421E6A9EEC00365A2A /* CountTests */,
				590F6E4D1E6A9EEC00365A2A /* CountUITests */,
				590F6E2C1E6A9EEC00365A2A /* Products */,
			);
			sourceTree = "<group>";
		};
		590F6E2C1E6A9EEC00365A2A /* Products */ = {
			isa = PBXGroup;
			children = (
				590F6E2B1E6A9EEC00365A2A /* Count.app */,
				590F6E3F1E6A9EEC00365A2A /* CountTests.xctest */,
				590F6E4A1E6A9EEC00365A2A /* CountUITests.xctest */,
			);
			name = Products;
			sourceTree = "<group>";
		};
		590F6E2D1E6A9EEC00365A2A /* Count */ = {
			isa = PBXGroup;
			children = (
				590F6E5E1E6AA0BC00365A2A /* pos05_Kiki.png */,
				592595851E880132001C558D /* icon.png */,
				590F6E2E1E6A9EEC00365A2A /* AppDelegate.swift */,
				590F6E301E6A9EEC00365A2A /* ViewController.swift */,
				590F6E321E6A9EEC00365A2A /* Main.storyboard */,
				590F6E351E6A9EEC00365A2A /* Assets.xcassets */,
				590F6E371E6A9EEC00365A2A /* LaunchScreen.storyboard */,
				590F6E3A1E6A9EEC00365A2A /* Info.plist */,
			);
			path = Count;
			sourceTree = "<group>";
		};
		590F6E421E6A9EEC00365A2A /* CountTests */ = {
			isa = PBXGroup;
			children = (
				590F6E431E6A9EEC00365A2A /* CountTests.swift */,
				590F6E451E6A9EEC00365A2A /* Info.plist */,
			);
			path = CountTests;
			sourceTree = "<group>";
		};
		590F6E4D1E6A9EEC00365A2A /* CountUITests */ = {
			isa = PBXGroup;
			children = (
				590F6E4E1E6A9EEC00365A2A /* CountUITests.swift */,
				590F6E501E6A9EEC00365A2A /* Info.plist */,
			);
			path = CountUITests;
			sourceTree = "<group>";
		};
/* End PBXGroup section */

/* Begin PBXNativeTarget section */
		590F6E2A1E6A9EEC00365A2A /* Count */ = {
			isa = PBXNativeTarget;
			buildConfigurationList = 590F6E531E6A9EEC00365A2A /* Build configuration list for PBXNativeTarget "Count" */;
			buildPhases = (
				590F6E271E6A9EEC00365A2A /* Sources */,
				590F6E281E6A9EEC00365A2A /* Frameworks */,
				590F6E291E6A9EEC00365A2A /* Resources */,
			);
			buildRules = (
			);
			dependencies = (
			);
			name = Count;
			productName = Count;
			productReference = 590F6E2B1E6A9EEC00365A2A /* Count.app */;
			productType = "com.apple.product-type.application";
		};
		590F6E3E1E6A9EEC00365A2A /* CountTests */ = {
			isa = PBXNativeTarget;
			buildConfigurationList = 590F6E561E6A9EEC00365A2A /* Build configuration list for PBXNativeTarget "CountTests" */;
			buildPhases = (
				590F6E3B1E6A9EEC00365A2A /* Sources */,
				590F6E3C1E6A9EEC00365A2A /* Frameworks */,
				590F6E3D1E6A9EEC00365A2A /* Resources */,
			);
			buildRules = (
			);
			dependencies = (
				590F6E411E6A9EEC00365A2A /* PBXTargetDependency */,
			);
			name = CountTests;
			productName = CountTests;
			productReference = 590F6E3F1E6A9EEC00365A2A /* CountTests.xctest */;
			productType = "com.apple.product-type.bundle.unit-test";
		};
		590F6E491E6A9EEC00365A2A /* CountUITests */ = {
			isa = PBXNativeTarget;
			buildConfigurationList = 590F6E591E6A9EEC00365A2A /* Build configuration list for PBXNativeTarget "CountUITests" */;
			buildPhases = (
				590F6E461E6A9EEC00365A2A /* Sources */,
				590F6E471E6A9EEC00365A2A /* Frameworks */,
				590F6E481E6A9EEC00365A2A /* Resources */,
			);
			buildRules = (
			);
			dependencies = (
				590F6E4C1E6A9EEC00365A2A /* PBXTargetDependency */,
			);
			name = CountUITests;
			productName = CountUITests;
			productReference = 590F6E4A1E6A9EEC00365A2A /* CountUITests.xctest */;
			productType = "com.apple.product-type.bundle.ui-testing";
		};
/* End PBXNativeTarget section */

/* Begin PBXProject section */
		590F6E231E6A9EEC00365A2A /* Project object */ = {
			isa = PBXProject;
			attributes = {
				LastSwiftUpdateCheck = 0720;
				LastUpgradeCheck = 0720;
				ORGANIZATIONNAME = None;
				TargetAttributes = {
					590F6E2A1E6A9EEC00365A2A = {
						CreatedOnToolsVersion = 7.2.1;
						LastSwiftMigration = 0820;
					};
					590F6E3E1E6A9EEC00365A2A = {
						CreatedOnToolsVersion = 7.2.1;
						DevelopmentTeam = 72UU55A8N3;
						LastSwiftMigration = 0820;
						TestTargetID = 590F6E2A1E6A9EEC00365A2A;
					};
					590F6E491E6A9EEC00365A2A = {
						CreatedOnToolsVersion = 7.2.1;
						DevelopmentTeam = 72UU55A8N3;
						LastSwiftMigration = 0820;
						TestTargetID = 590F6E2A1E6A9EEC00365A2A;
					};
				};
			};
			buildConfigurationList = 590F6E261E6A9EEC00365A2A /* Build configuration list for PBXProject "Count" */;
			compatibilityVersion = "Xcode 3.2";
			developmentRegion = English;
			hasScannedForEncodings = 0;
			knownRegions = (
				en,
				Base,
			);
			mainGroup = 590F6E221E6A9EEC00365A2A;
			productRefGroup = 590F6E2C1E6A9EEC00365A2A /* Products */;
			projectDirPath = "";
			projectRoot = "";
			targets = (
				590F6E2A1E6A9EEC00365A2A /* Count */,
				590F6E3E1E6A9EEC00365A2A /* CountTests */,
				590F6E491E6A9EEC00365A2A /* CountUITests */,
			);
		};
/* End PBXProject section */

/* Begin PBXResourcesBuildPhase section */
		590F6E291E6A9EEC00365A2A /* Resources */ = {
			isa = PBXResourcesBuildPhase;
			buildActionMask = 2147483647;
			files = (
				590F6E391E6A9EEC00365A2A /* LaunchScreen.storyboard in Resources */,
				592595861E880132001C558D /* icon.png in Resources */,
				590F6E361E6A9EEC00365A2A /* Assets.xcassets in Resources */,
				590F6E341E6A9EEC00365A2A /* Main.storyboard in Resources */,
				590F6E5F1E6AA0BC00365A2A /* pos05_Kiki.png in Resources */,
			);
			runOnlyForDeploymentPostprocessing = 0;
		};
		590F6E3D1E6A9EEC00365A2A /* Resources */ = {
			isa = PBXResourcesBuildPhase;
			buildActionMask = 2147483647;
			files = (
			);
			runOnlyForDeploymentPostprocessing = 0;
		};
		590F6E481E6A9EEC00365A2A /* Resources */ = {
			isa = PBXResourcesBuildPhase;
			buildActionMask = 2147483647;
			files = (
			);
			runOnlyForDeploymentPostprocessing = 0;
		};
/* End PBXResourcesBuildPhase section */

/* Begin PBXSourcesBuildPhase section */
		590F6E271E6A9EEC00365A2A /* Sources */ = {
			isa = PBXSourcesBuildPhase;
			buildActionMask = 2147483647;
			files = (
				590F6E311E6A9EEC00365A2A /* ViewController.swift in Sources */,
				590F6E2F1E6A9EEC00365A2A /* AppDelegate.swift in Sources */,
			);
			runOnlyForDeploymentPostprocessing = 0;
		};
		590F6E3B1E6A9EEC00365A2A /* Sources */ = {
			isa = PBXSourcesBuildPhase;
			buildActionMask = 2147483647;
			files = (
				590F6E441E6A9EEC00365A2A /* CountTests.swift in Sources */,
			);
			runOnlyForDeploymentPostprocessing = 0;
		};
		590F6E461E6A9EEC00365A2A /* Sources */ = {
			isa = PBXSourcesBuildPhase;
			buildActionMask = 2147483647;
			files = (
				590F6E4F1E6A9EEC00365A2A /* CountUITests.swift in Sources */,
			);
			runOnlyForDeploymentPostprocessing = 0;
		};
/* End PBXSourcesBuildPhase section */

/* Begin PBXTargetDependency section */
		590F6E411E6A9EEC00365A2A /* PBXTargetDependency */ = {
			isa = PBXTargetDependency;
			target = 590F6E2A1E6A9EEC00365A2A /* Count */;
			targetProxy = 590F6E401E6A9EEC00365A2A /* PBXContainerItemProxy */;
		};
		590F6E4C1E6A9EEC00365A2A /* PBXTargetDependency */ = {
			isa = PBXTargetDependency;
			target = 590F6E2A1E6A9EEC00365A2A /* Count */;
			targetProxy = 590F6E4B1E6A9EEC00365A2A /* PBXContainerItemProxy */;
		};
/* End PBXTargetDependency section */

/* Begin PBXVariantGroup section */
		590F6E321E6A9EEC00365A2A /* Main.storyboard */ = {
			isa = PBXVariantGroup;
			children = (
				590F6E331E6A9EEC00365A2A /* Base */,
			);
			name = Main.storyboard;
			sourceTree = "<group>";
		};
		590F6E371E6A9EEC00365A2A /* LaunchScreen.storyboard */ = {
			isa = PBXVariantGroup;
			children = (
				590F6E381E6A9EEC00365A2A /* Base */,
			);
			name = LaunchScreen.storyboard;
			sourceTree = "<group>";
		};
/* End PBXVariantGroup section */

/* Begin XCBuildConfiguration section */
		590F6E511E6A9EEC00365A2A /* Debug */ = {
			isa = XCBuildConfiguration;
			buildSettings = {
				ALWAYS_SEARCH_USER_PATHS = NO;
				CLANG_CXX_LANGUAGE_STANDARD = "gnu++0x";
				CLANG_CXX_LIBRARY = "libc++";
				CLANG_ENABLE_MODULES = YES;
				CLANG_ENABLE_OBJC_ARC = YES;
				CLANG_WARN_BOOL_CONVERSION = YES;
				CLANG_WARN_CONSTANT_CONVERSION = YES;
				CLANG_WARN_DIRECT_OBJC_ISA_USAGE = YES_ERROR;
				CLANG_WARN_EMPTY_BODY = YES;
				CLANG_WARN_ENUM_CONVERSION = YES;
				CLANG_WARN_INT_CONVERSION = YES;
				CLANG_WARN_OBJC_ROOT_CLASS = YES_ERROR;
				CLANG_WARN_UNREACHABLE_CODE = YES;
				CLANG_WARN__DUPLICATE_METHOD_MATCH = YES;
				"CODE_SIGN_IDENTITY[sdk=iphoneos*]" = "iPhone Developer";
				COPY_PHASE_STRIP = NO;
				DEBUG_INFORMATION_FORMAT = dwarf;
				ENABLE_STRICT_OBJC_MSGSEND = YES;
				ENABLE_TESTABILITY = YES;
				GCC_C_LANGUAGE_STANDARD = gnu99;
				GCC_DYNAMIC_NO_PIC = NO;
				GCC_NO_COMMON_BLOCKS = YES;
				GCC_OPTIMIZATION_LEVEL = 0;
				GCC_PREPROCESSOR_DEFINITIONS = (
					"DEBUG=1",
					"$(inherited)",
				);
				GCC_WARN_64_TO_32_BIT_CONVERSION = YES;
				GCC_WARN_ABOUT_RETURN_TYPE = YES_ERROR;
				GCC_WARN_UNDECLARED_SELECTOR = YES;
				GCC_WARN_UNINITIALIZED_AUTOS = YES_AGGRESSIVE;
				GCC_WARN_UNUSED_FUNCTION = YES;
				GCC_WARN_UNUSED_VARIABLE = YES;
				IPHONEOS_DEPLOYMENT_TARGET = 9.2;
				MTL_ENABLE_DEBUG_INFO = YES;
				ONLY_ACTIVE_ARCH = YES;
				SDKROOT = iphoneos;
				SWIFT_OPTIMIZATION_LEVEL = "-Onone";
			};
			name = Debug;
		};
		590F6E521E6A9EEC00365A2A /* Release */ = {
			isa = XCBuildConfiguration;
			buildSettings = {
				ALWAYS_SEARCH_USER_PATHS = NO;
				CLANG_CXX_LANGUAGE_STANDARD = "gnu++0x";
				CLANG_CXX_LIBRARY = "libc++";
				CLANG_ENABLE_MODULES = YES;
				CLANG_ENABLE_OBJC_ARC = YES;
				CLANG_WARN_BOOL_CONVERSION = YES;
				CLANG_WARN_CONSTANT_CONVERSION = YES;
				CLANG_WARN_DIRECT_OBJC_ISA_USAGE = YES_ERROR;
				CLANG_WARN_EMPTY_BODY = YES;
				CLANG_WARN_ENUM_CONVERSION = YES;
				CLANG_WARN_INT_CONVERSION = YES;
				CLANG_WARN_OBJC_ROOT_CLASS = YES_ERROR;
				CLANG_WARN_UNREACHABLE_CODE = YES;
				CLANG_WARN__DUPLICATE_METHOD_MATCH = YES;
				"CODE_SIGN_IDENTITY[sdk=iphoneos*]" = "iPhone Developer";
				COPY_PHASE_STRIP = NO;
				DEBUG_INFORMATION_FORMAT = "dwarf-with-dsym";
				ENABLE_NS_ASSERTIONS = NO;
				ENABLE_STRICT_OBJC_MSGSEND = YES;
				GCC_C_LANGUAGE_STANDARD = gnu99;
				GCC_NO_COMMON_BLOCKS = YES;
				GCC_WARN_64_TO_32_BIT_CONVERSION = YES;
				GCC_WARN_ABOUT_RETURN_TYPE = YES_ERROR;
				GCC_WARN_UNDECLARED_SELECTOR = YES;
				GCC_WARN_UNINITIALIZED_AUTOS = YES_AGGRESSIVE;
				GCC_WARN_UNUSED_FUNCTION = YES;
				GCC_WARN_UNUSED_VARIABLE = YES;
				IPHONEOS_DEPLOYMENT_TARGET = 9.2;
				MTL_ENABLE_DEBUG_INFO = NO;
				SDKROOT = iphoneos;
				VALIDATE_PRODUCT = YES;
			};
			name = Release;
		};
		590F6E541E6A9EEC00365A2A /* Debug */ = {
			isa = XCBuildConfiguration;
			buildSettings = {
				ASSETCATALOG_COMPILER_APPICON_NAME = AppIcon;
				DEVELOPMENT_TEAM = "";
				INFOPLIST_FILE = Count/Info.plist;
				IPHONEOS_DEPLOYMENT_TARGET = 10.2;
				LD_RUNPATH_SEARCH_PATHS = "$(inherited) @executable_path/Frameworks";
				PRODUCT_BUNDLE_IDENTIFIER = "Erika-Maemoto.Count";
				PRODUCT_NAME = "$(TARGET_NAME)";
				SWIFT_VERSION = 3.0;
			};
			name = Debug;
		};
		590F6E551E6A9EEC00365A2A /* Release */ = {
			isa = XCBuildConfiguration;
			buildSettings = {
				ASSETCATALOG_COMPILER_APPICON_NAME = AppIcon;
				DEVELOPMENT_TEAM = "";
				INFOPLIST_FILE = Count/Info.plist;
				IPHONEOS_DEPLOYMENT_TARGET = 10.2;
				LD_RUNPATH_SEARCH_PATHS = "$(inherited) @executable_path/Frameworks";
				PRODUCT_BUNDLE_IDENTIFIER = "Erika-Maemoto.Count";
				PRODUCT_NAME = "$(TARGET_NAME)";
				SWIFT_VERSION = 3.0;
			};
			name = Release;
		};
		590F6E571E6A9EEC00365A2A /* Debug */ = {
			isa = XCBuildConfiguration;
			buildSettings = {
				BUNDLE_LOADER = "$(TEST_HOST)";
				INFOPLIST_FILE = CountTests/Info.plist;
				LD_RUNPATH_SEARCH_PATHS = "$(inherited) @executable_path/Frameworks @loader_path/Frameworks";
				PRODUCT_BUNDLE_IDENTIFIER = "Erika-Maemoto.CountTests";
				PRODUCT_NAME = "$(TARGET_NAME)";
				SWIFT_VERSION = 3.0;
				TEST_HOST = "$(BUILT_PRODUCTS_DIR)/Count.app/Count";
			};
			name = Debug;
		};
		590F6E581E6A9EEC00365A2A /* Release */ = {
			isa = XCBuildConfiguration;
			buildSettings = {
				BUNDLE_LOADER = "$(TEST_HOST)";
				INFOPLIST_FILE = CountTests/Info.plist;
				LD_RUNPATH_SEARCH_PATHS = "$(inherited) @executable_path/Frameworks @loader_path/Frameworks";
				PRODUCT_BUNDLE_IDENTIFIER = "Erika-Maemoto.CountTests";
				PRODUCT_NAME = "$(TARGET_NAME)";
				SWIFT_VERSION = 3.0;
				TEST_HOST = "$(BUILT_PRODUCTS_DIR)/Count.app/Count";
			};
			name = Release;
		};
		590F6E5A1E6A9EEC00365A2A /* Debug */ = {
			isa = XCBuildConfiguration;
			buildSettings = {
				INFOPLIST_FILE = CountUITests/Info.plist;
				LD_RUNPATH_SEARCH_PATHS = "$(inherited) @executable_path/Frameworks @loader_path/Frameworks";
				PRODUCT_BUNDLE_IDENTIFIER = "Erika-Maemoto.CountUITests";
				PRODUCT_NAME = "$(TARGET_NAME)";
				SWIFT_VERSION = 3.0;
				TEST_TARGET_NAME = Count;
				USES_XCTRUNNER = YES;
			};
			name = Debug;
		};
		590F6E5B1E6A9EEC00365A2A /* Release */ = {
			isa = XCBuildConfiguration;
			buildSettings = {
				INFOPLIST_FILE = CountUITests/Info.plist;
				LD_RUNPATH_SEARCH_PATHS = "$(inherited) @executable_path/Frameworks @loader_path/Frameworks";
				PRODUCT_BUNDLE_IDENTIFIER = "Erika-Maemoto.CountUITests";
				PRODUCT_NAME = "$(TARGET_NAME)";
				SWIFT_VERSION = 3.0;
				TEST_TARGET_NAME = Count;
				USES_XCTRUNNER = YES;
			};
			name = Release;
		};
/* End XCBuildConfiguration section */

/* Begin XCConfigurationList section */
		590F6E261E6A9EEC00365A2A /* Build configuration list for PBXProject "Count" */ = {
			isa = XCConfigurationList;
			buildConfigurations = (
				590F6E511E6A9EEC00365A2A /* Debug */,
				590F6E521E6A9EEC00365A2A /* Release */,
			);
			defaultConfigurationIsVisible = 0;
			defaultConfigurationName = Release;
		};
		590F6E531E6A9EEC00365A2A /* Build configuration list for PBXNativeTarget "Count" */ = {
			isa = XCConfigurationList;
			buildConfigurations = (
				590F6E541E6A9EEC00365A2A /* Debug */,
				590F6E551E6A9EEC00365A2A /* Release */,
			);
			defaultConfigurationIsVisible = 0;
			defaultConfigurationName = Release;
		};
		590F6E561E6A9EEC00365A2A /* Build configuration list for PBXNativeTarget "CountTests" */ = {
			isa = XCConfigurationList;
			buildConfigurations = (
				590F6E571E6A9EEC00365A2A /* Debug */,
				590F6E581E6A9EEC00365A2A /* Release */,
			);
			defaultConfigurationIsVisible = 0;
			defaultConfigurationName = Release;
		};
		590F6E591E6A9EEC00365A2A /* Build configuration list for PBXNativeTarget "CountUITests" */ = {
			isa = XCConfigurationList;
			buildConfigurations = (
				590F6E5A1E6A9EEC00365A2A /* Debug */,
				590F6E5B1E6A9EEC00365A2A /* Release */,
			);
			defaultConfigurationIsVisible = 0;
			defaultConfigurationName = Release;
		};
/* End XCConfigurationList section */
	};
	rootObject = 590F6E231E6A9EEC00365A2A /* Project object */;
}
